{
    "name": "gs26.puzzyl.net",
    "version": "0.0.0",
    "lockfileVersion": 3,
    "requires": true,
    "packages": {
        "": {
            "name": "gs26.puzzyl.net",
            "version": "0.0.0",
            "dependencies": {
                "@davidggarber/puzzyl-kit": "0.1.14"
            },
            "devDependencies": {
                "typescript": "^5.9.2"
            }
        },
        "node_modules/@davidggarber/puzzyl-kit": {
            "version": "0.1.14",
            "resolved": "https://npm.pkg.github.com/download/@davidggarber/puzzyl-kit/0.1.14/0686ce42e5cb1b152655916269e26b3e43a040e6",
            "integrity": "sha512-axbKFgQ1G/jpfIeY3s74BqvFYTdTQNlTIB2p/9qdRMSPGWxyb+NlQ/UwsmxKWDAzOMEKQDBMCjuQZftgXnSNhQ==",
            "license": "ISC"
        },
        "node_modules/typescript": {
            "version": "5.9.3",
            "resolved": "https://registry.npmjs.org/typescript/-/typescript-5.9.3.tgz",
            "integrity": "sha512-jl1vZzPDinLr9eUt3J/t7V6FgNEw9QjvBPdysz9KfQDD41fQrC2Y4vKQdiaUpFT4bXlb1RHhLpp8wtm6M5TgSw==",
            "dev": true,
            "bin": {
                "tsc": "bin/tsc",
                "tsserver": "bin/tsserver"
            },
            "engines": {
                "node": ">=14.17"
            }
        }
    }
}
