{
    "name": "gs26.puzzyl.net",
    "version": "0.0.0",
    "lockfileVersion": 3,
    "requires": true,
    "packages": {
        "": {
            "name": "gs26.puzzyl.net",
            "version": "0.0.0",
            "dependencies": {
                "@davidggarber/puzzyl-kit": "0.1.17"
            },
            "devDependencies": {
                "typescript": "^5.9.2"
            }
        },
        "node_modules/@davidggarber/puzzyl-kit": {
            "version": "0.1.17",
            "resolved": "https://npm.pkg.github.com/download/@davidggarber/puzzyl-kit/0.1.17/8aa57157650d0976431a41beb21f5f0f1572a742",
            "integrity": "sha512-rA8KvQT8Uq92rq9FrvwtgxrPcC2G++6jW0avEHvybODQzAEEUDGR3q5U116RDMP4Kzl0CEzuJBAqNpLHrUGJSg==",
            "license": "ISC"
        },
        "node_modules/typescript": {
            "version": "5.9.3",
            "resolved": "https://registry.npmjs.org/typescript/-/typescript-5.9.3.tgz",
            "integrity": "sha512-jl1vZzPDinLr9eUt3J/t7V6FgNEw9QjvBPdysz9KfQDD41fQrC2Y4vKQdiaUpFT4bXlb1RHhLpp8wtm6M5TgSw==",
            "dev": true,
            "bin": {
                "tsc": "bin/tsc",
                "tsserver": "bin/tsserver"
            },
            "engines": {
                "node": ">=14.17"
            }
        }
    }
}
