{
  "name": "safariposters-puzzyl-net",
  "version": "0.0.0",
  "lockfileVersion": 3,
  "requires": true,
  "packages": {
    "": {
      "name": "safariposters-puzzyl-net",
      "version": "0.0.0",
      "dependencies": {
        "@davidggarber/puzzyl-kit": "0.1.9"
      },
      "devDependencies": {
        "typescript": "^5.9.2"
      }
    },
    "node_modules/@davidggarber/puzzyl-kit": {
      "version": "0.1.9",
      "resolved": "https://npm.pkg.github.com/download/@davidggarber/puzzyl-kit/0.1.9/54bf0b9f8d385d1dab4036573364f92db4dbb3ee",
      "integrity": "sha512-FDVU+CfSJkQzblnkQR3keyh97/7Lvj14dVl8hcnFUKBuUmDWKB16u8J3z2aFb9oyVI82OJfvGYJktT2ArPECng==",
      "license": "ISC"
    },
    "node_modules/typescript": {
      "version": "5.9.3",
      "resolved": "https://registry.npmjs.org/typescript/-/typescript-5.9.3.tgz",
      "integrity": "sha512-jl1vZzPDinLr9eUt3J/t7V6FgNEw9QjvBPdysz9KfQDD41fQrC2Y4vKQdiaUpFT4bXlb1RHhLpp8wtm6M5TgSw==",
      "dev": true,
      "bin": {
        "tsc": "bin/tsc",
        "tsserver": "bin/tsserver"
      },
      "engines": {
        "node": ">=14.17"
      }
    }
  }
}
